{
  "name": "turf-merge-cli",
  "version": "1.0.0",
  "lockfileVersion": 2,
  "requires": true,
  "packages": {
    "": {
      "name": "turf-merge-cli",
      "version": "1.0.0",
      "license": "ISC",
      "dependencies": {
        "@turf/combine": "^6.5.0",
        "@turf/helpers": "^6.5.0",
        "prettier": "^2.6.2"
      }
    },
    "node_modules/@turf/combine": {
      "version": "6.5.0",
      "resolved": "https://registry.npmjs.org/@turf/combine/-/combine-6.5.0.tgz",
      "integrity": "sha512-Q8EIC4OtAcHiJB3C4R+FpB4LANiT90t17uOd851qkM2/o6m39bfN5Mv0PWqMZIHWrrosZqRqoY9dJnzz/rJxYQ==",
      "dependencies": {
        "@turf/helpers": "^6.5.0",
        "@turf/meta": "^6.5.0"
      },
      "funding": {
        "url": "https://opencollective.com/turf"
      }
    },
    "node_modules/@turf/helpers": {
      "version": "6.5.0",
      "resolved": "https://registry.npmjs.org/@turf/helpers/-/helpers-6.5.0.tgz",
      "integrity": "sha512-VbI1dV5bLFzohYYdgqwikdMVpe7pJ9X3E+dlr425wa2/sMJqYDhTO++ec38/pcPvPE6oD9WEEeU3Xu3gza+VPw==",
      "funding": {
        "url": "https://opencollective.com/turf"
      }
    },
    "node_modules/@turf/meta": {
      "version": "6.5.0",
      "resolved": "https://registry.npmjs.org/@turf/meta/-/meta-6.5.0.tgz",
      "integrity": "sha512-RrArvtsV0vdsCBegoBtOalgdSOfkBrTJ07VkpiCnq/491W67hnMWmDu7e6Ztw0C3WldRYTXkg3SumfdzZxLBHA==",
      "dependencies": {
        "@turf/helpers": "^6.5.0"
      },
      "funding": {
        "url": "https://opencollective.com/turf"
      }
    },
    "node_modules/prettier": {
      "version": "2.6.2",
      "resolved": "https://registry.npmjs.org/prettier/-/prettier-2.6.2.tgz",
      "integrity": "sha512-PkUpF+qoXTqhOeWL9fu7As8LXsIUZ1WYaJiY/a7McAQzxjk82OF0tibkFXVCDImZtWxbvojFjerkiLb0/q8mew==",
      "bin": {
        "prettier": "bin-prettier.js"
      },
      "engines": {
        "node": ">=10.13.0"
      },
      "funding": {
        "url": "https://github.com/prettier/prettier?sponsor=1"
      }
    }
  },
  "dependencies": {
    "@turf/combine": {
      "version": "6.5.0",
      "resolved": "https://registry.npmjs.org/@turf/combine/-/combine-6.5.0.tgz",
      "integrity": "sha512-Q8EIC4OtAcHiJB3C4R+FpB4LANiT90t17uOd851qkM2/o6m39bfN5Mv0PWqMZIHWrrosZqRqoY9dJnzz/rJxYQ==",
      "requires": {
        "@turf/helpers": "^6.5.0",
        "@turf/meta": "^6.5.0"
      }
    },
    "@turf/helpers": {
      "version": "6.5.0",
      "resolved": "https://registry.npmjs.org/@turf/helpers/-/helpers-6.5.0.tgz",
      "integrity": "sha512-VbI1dV5bLFzohYYdgqwikdMVpe7pJ9X3E+dlr425wa2/sMJqYDhTO++ec38/pcPvPE6oD9WEEeU3Xu3gza+VPw=="
    },
    "@turf/meta": {
      "version": "6.5.0",
      "resolved": "https://registry.npmjs.org/@turf/meta/-/meta-6.5.0.tgz",
      "integrity": "sha512-RrArvtsV0vdsCBegoBtOalgdSOfkBrTJ07VkpiCnq/491W67hnMWmDu7e6Ztw0C3WldRYTXkg3SumfdzZxLBHA==",
      "requires": {
        "@turf/helpers": "^6.5.0"
      }
    },
    "prettier": {
      "version": "2.6.2",
      "resolved": "https://registry.npmjs.org/prettier/-/prettier-2.6.2.tgz",
      "integrity": "sha512-PkUpF+qoXTqhOeWL9fu7As8LXsIUZ1WYaJiY/a7McAQzxjk82OF0tibkFXVCDImZtWxbvojFjerkiLb0/q8mew=="
    }
  }
}
